
Microsoft Visual Studio Solution File, Format Version 12.00
# Visual Studio Version 17
VisualStudioVersion = 17.14.36109.1 d17.14
MinimumVisualStudioVersion = 10.0.40219.1
Project("{FAE04EC0-301F-11D3-BF4B-00C04F79EFBC}") = "PasswordGenerator", "PasswordGenerator\PasswordGenerator.csproj", "{59F75C33-0140-402F-A1D0-9C84A1BCFF2D}"
EndProject
Global
	GlobalSection(SolutionConfigurationPlatforms) = preSolution
		Debug|Any CPU = Debug|Any CPU
		Release|Any CPU = Release|Any CPU
	EndGlobalSection
	GlobalSection(ProjectConfigurationPlatforms) = postSolution
		{59F75C33-0140-402F-A1D0-9C84A1BCFF2D}.Debug|Any CPU.ActiveCfg = Debug|Any CPU
		{59F75C33-0140-402F-A1D0-9C84A1BCFF2D}.Debug|Any CPU.Build.0 = Debug|Any CPU
		{59F75C33-0140-402F-A1D0-9C84A1BCFF2D}.Release|Any CPU.ActiveCfg = Release|Any CPU
		{59F75C33-0140-402F-A1D0-9C84A1BCFF2D}.Release|Any CPU.Build.0 = Release|Any CPU
	EndGlobalSection
	GlobalSection(SolutionProperties) = preSolution
		HideSolutionNode = FALSE
	EndGlobalSection
	GlobalSection(ExtensibilityGlobals) = postSolution
		SolutionGuid = {70A3A431-98CB-4BDB-A15E-AA77BA61F0D1}
	EndGlobalSection
EndGlobal
